Microsoft Visual Studio Solution File, Format Version 12.00
# Visual Studio Version 17
VisualStudioVersion = 17.0.31903.59
MinimumVisualStudioVersion = 10.0.40219.1
Project("{FAE04EC0-301F-11D3-BF4B-00C04F79EFBC}") = "SignalDeck.App", "src\SignalDeck.App\SignalDeck.App.csproj", "{E92E2D65-D70A-4E43-B827-D3C5584820C7}"
EndProject
Project("{FAE04EC0-301F-11D3-BF4B-00C04F79EFBC}") = "SignalDeck.Core", "src\SignalDeck.Core\SignalDeck.Core.csproj", "{8F9296A8-0BA4-42A6-B528-7A66EA857CF0}"
EndProject
Project("{FAE04EC0-301F-11D3-BF4B-00C04F79EFBC}") = "SignalDeck.Infrastructure", "src\SignalDeck.Infrastructure\SignalDeck.Infrastructure.csproj", "{5D3210B5-A9DA-42C4-9BF8-D7666250BC4E}"
EndProject
Global
	GlobalSection(SolutionConfigurationPlatforms) = preSolution
		Debug|Any CPU = Debug|Any CPU
		Release|Any CPU = Release|Any CPU
	EndGlobalSection
	GlobalSection(ProjectConfigurationPlatforms) = postSolution
		{E92E2D65-D70A-4E43-B827-D3C5584820C7}.Debug|Any CPU.ActiveCfg = Debug|Any CPU
		{E92E2D65-D70A-4E43-B827-D3C5584820C7}.Debug|Any CPU.Build.0 = Debug|Any CPU
		{E92E2D65-D70A-4E43-B827-D3C5584820C7}.Release|Any CPU.ActiveCfg = Release|Any CPU
		{E92E2D65-D70A-4E43-B827-D3C5584820C7}.Release|Any CPU.Build.0 = Release|Any CPU
		{8F9296A8-0BA4-42A6-B528-7A66EA857CF0}.Debug|Any CPU.ActiveCfg = Debug|Any CPU
		{8F9296A8-0BA4-42A6-B528-7A66EA857CF0}.Debug|Any CPU.Build.0 = Debug|Any CPU
		{8F9296A8-0BA4-42A6-B528-7A66EA857CF0}.Release|Any CPU.ActiveCfg = Release|Any CPU
		{8F9296A8-0BA4-42A6-B528-7A66EA857CF0}.Release|Any CPU.Build.0 = Release|Any CPU
		{5D3210B5-A9DA-42C4-9BF8-D7666250BC4E}.Debug|Any CPU.ActiveCfg = Debug|Any CPU
		{5D3210B5-A9DA-42C4-9BF8-D7666250BC4E}.Debug|Any CPU.Build.0 = Debug|Any CPU
		{5D3210B5-A9DA-42C4-9BF8-D7666250BC4E}.Release|Any CPU.ActiveCfg = Release|Any CPU
		{5D3210B5-A9DA-42C4-9BF8-D7666250BC4E}.Release|Any CPU.Build.0 = Release|Any CPU
	EndGlobalSection
	GlobalSection(SolutionProperties) = preSolution
		HideSolutionNode = FALSE
	EndGlobalSection
	GlobalSection(ProjectDependencies) = postSolution
		{E92E2D65-D70A-4E43-B827-D3C5584820C7} = {8F9296A8-0BA4-42A6-B528-7A66EA857CF0}, {5D3210B5-A9DA-42C4-9BF8-D7666250BC4E}
		{5D3210B5-A9DA-42C4-9BF8-D7666250BC4E} = {8F9296A8-0BA4-42A6-B528-7A66EA857CF0}
	EndGlobalSection
EndGlobal
